// !$*UTF8*$!
{
	archiveVersion = 1;
	classes = {
	};
	objectVersion = 50;
	objects = {

/* Begin PBXBuildFile section */
		4F01B0B924F7115C005B6CD7 /* AppDelegate.swift in Sources */ = {isa = PBXBuildFile; fileRef = 4F01B0B824F7115C005B6CD7 /* AppDelegate.swift */; };
		4F01B0BB24F7115C005B6CD7 /* SceneDelegate.swift in Sources */ = {isa = PBXBuildFile; fileRef = 4F01B0BA24F7115C005B6CD7 /* SceneDelegate.swift */; };
		4F01B0BD24F7115C005B6CD7 /* ViewController.swift in Sources */ = {isa = PBXBuildFile; fileRef = 4F01B0BC24F7115C005B6CD7 /* ViewController.swift */; };
		4F01B0C024F7115C005B6CD7 /* Main.storyboard in Resources */ = {isa = PBXBuildFile; fileRef = 4F01B0BE24F7115C005B6CD7 /* Main.storyboard */; };
		4F01B0C224F7115E005B6CD7 /* Assets.xcassets in Resources */ = {isa = PBXBuildFile; fileRef = 4F01B0C124F7115E005B6CD7 /* Assets.xcassets */; };
		4F01B0C524F7115E005B6CD7 /* LaunchScreen.storyboard in Resources */ = {isa = PBXBuildFile; fileRef = 4F01B0C324F7115E005B6CD7 /* LaunchScreen.storyboard */; };
		4F01B0D024F7115F005B6CD7 /* SpendRTests.swift in Sources */ = {isa = PBXBuildFile; fileRef = 4F01B0CF24F7115F005B6CD7 /* SpendRTests.swift */; };
/* End PBXBuildFile section */

/* Begin PBXContainerItemProxy section */
		4F01B0CC24F7115F005B6CD7 /* PBXContainerItemProxy */ = {
			isa = PBXContainerItemProxy;
			containerPortal = 4F01B0AD24F7115C005B6CD7 /* Project object */;
			proxyType = 1;
			remoteGlobalIDString = 4F01B0B424F7115C005B6CD7;
			remoteInfo = SpendR;
		};
/* End PBXContainerItemProxy section */

/* Begin PBXFileReference section */
		4F01B0B524F7115C005B6CD7 /* SpendR.app */ = {isa = PBXFileReference; explicitFileType = wrapper.application; includeInIndex = 0; path = SpendR.app; sourceTree = BUILT_PRODUCTS_DIR; };
		4F01B0B824F7115C005B6CD7 /* AppDelegate.swift */ = {isa = PBXFileReference; lastKnownFileType = sourcecode.swift; path = AppDelegate.swift; sourceTree = "<group>"; };
		4F01B0BA24F7115C005B6CD7 /* SceneDelegate.swift */ = {isa = PBXFileReference; lastKnownFileType = sourcecode.swift; path = SceneDelegate.swift; sourceTree = "<group>"; };
		4F01B0BC24F7115C005B6CD7 /* ViewController.swift */ = {isa = PBXFileReference; lastKnownFileType = sourcecode.swift; path = ViewController.swift; sourceTree = "<group>"; };
		4F01B0BF24F7115C005B6CD7 /* Base */ = {isa = PBXFileReference; lastKnownFileType = file.storyboard; name = Base; path = Base.lproj/Main.storyboard; sourceTree = "<group>"; };
		4F01B0C124F7115E005B6CD7 /* Assets.xcassets */ = {isa = PBXFileReference; lastKnownFileType = folder.assetcatalog; path = Assets.xcassets; sourceTree = "<group>"; };
		4F01B0C424F7115E005B6CD7 /* Base */ = {isa = PBXFileReference; lastKnownFileType = file.storyboard; name = Base; path = Base.lproj/LaunchScreen.storyboard; sourceTree = "<group>"; };
		4F01B0C624F7115E005B6CD7 /* Info.plist */ = {isa = PBXFileReference; lastKnownFileType = text.plist.xml; path = Info.plist; sourceTree = "<group>"; };
		4F01B0CB24F7115F005B6CD7 /* SpendRTests.xctest */ = {isa = PBXFileReference; explicitFileType = wrapper.cfbundle; includeInIndex = 0; path = SpendRTests.xctest; sourceTree = BUILT_PRODUCTS_DIR; };
		4F01B0CF24F7115F005B6CD7 /* SpendRTests.swift */ = {isa = PBXFileReference; lastKnownFileType = sourcecode.swift; path = SpendRTests.swift; sourceTree = "<group>"; };
		4F01B0D124F7115F005B6CD7 /* Info.plist */ = {isa = PBXFileReference; lastKnownFileType = text.plist.xml; path = Info.plist; sourceTree = "<group>"; };
/* End PBXFileReference section */

/* Begin PBXFrameworksBuildPhase section */
		4F01B0B224F7115C005B6CD7 /* Frameworks */ = {
			isa = PBXFrameworksBuildPhase;
			buildActionMask = 2147483647;
			files = (
			);
			runOnlyForDeploymentPostprocessing = 0;
		};
		4F01B0C824F7115F005B6CD7 /* Frameworks */ = {
			isa = PBXFrameworksBuildPhase;
			buildActionMask = 2147483647;
			files = (
			);
			runOnlyForDeploymentPostprocessing = 0;
		};
/* End PBXFrameworksBuildPhase section */

/* Begin PBXGroup section */
		4F01B0AC24F7115C005B6CD7 = {
			isa = PBXGroup;
			children = (
				4F01B0B724F7115C005B6CD7 /* SpendR */,
				4F01B0CE24F7115F005B6CD7 /* SpendRTests */,
				4F01B0B624F7115C005B6CD7 /* Products */,
			);
			sourceTree = "<group>";
		};
		4F01B0B624F7115C005B6CD7 /* Products */ = {
			isa = PBXGroup;
			children = (
				4F01B0B524F7115C005B6CD7 /* SpendR.app */,
				4F01B0CB24F7115F005B6CD7 /* SpendRTests.xctest */,
			);
			name = Products;
			sourceTree = "<group>";
		};
		4F01B0B724F7115C005B6CD7 /* SpendR */ = {
			isa = PBXGroup;
			children = (
				4F01B0B824F7115C005B6CD7 /* AppDelegate.swift */,
				4F01B0BA24F7115C005B6CD7 /* SceneDelegate.swift */,
				4F01B0BC24F7115C005B6CD7 /* ViewController.swift */,
				4F01B0BE24F7115C005B6CD7 /* Main.storyboard */,
				4F01B0C124F7115E005B6CD7 /* Assets.xcassets */,
				4F01B0C324F7115E005B6CD7 /* LaunchScreen.storyboard */,
				4F01B0C624F7115E005B6CD7 /* Info.plist */,
			);
			path = SpendR;
			sourceTree = "<group>";
		};
		4F01B0CE24F7115F005B6CD7 /* SpendRTests */ = {
			isa = PBXGroup;
			children = (
				4F01B0CF24F7115F005B6CD7 /* SpendRTests.swift */,
				4F01B0D124F7115F005B6CD7 /* Info.plist */,
			);
			path = SpendRTests;
			sourceTree = "<group>";
		};
/* End PBXGroup section */

/* Begin PBXNativeTarget section */
		4F01B0B424F7115C005B6CD7 /* SpendR */ = {
			isa = PBXNativeTarget;
			buildConfigurationList = 4F01B0D424F7115F005B6CD7 /* Build configuration list for PBXNativeTarget "SpendR" */;
			buildPhases = (
				4F01B0B124F7115C005B6CD7 /* Sources */,
				4F01B0B224F7115C005B6CD7 /* Frameworks */,
				4F01B0B324F7115C005B6CD7 /* Resources */,
			);
			buildRules = (
			);
			dependencies = (
			);
			name = SpendR;
			productName = SpendR;
			productReference = 4F01B0B524F7115C005B6CD7 /* SpendR.app */;
			productType = "com.apple.product-type.application";
		};
		4F01B0CA24F7115F005B6CD7 /* SpendRTests */ = {
			isa = PBXNativeTarget;
			buildConfigurationList = 4F01B0D724F7115F005B6CD7 /* Build configuration list for PBXNativeTarget "SpendRTests" */;
			buildPhases = (
				4F01B0C724F7115F005B6CD7 /* Sources */,
				4F01B0C824F7115F005B6CD7 /* Frameworks */,
				4F01B0C924F7115F005B6CD7 /* Resources */,
			);
			buildRules = (
			);
			dependencies = (
				4F01B0CD24F7115F005B6CD7 /* PBXTargetDependency */,
			);
			name = SpendRTests;
			productName = SpendRTests;
			productReference = 4F01B0CB24F7115F005B6CD7 /* SpendRTests.xctest */;
			productType = "com.apple.product-type.bundle.unit-test";
		};
/* End PBXNativeTarget section */

/* Begin PBXProject section */
		4F01B0AD24F7115C005B6CD7 /* Project object */ = {
			isa = PBXProject;
			attributes = {
				LastSwiftUpdateCheck = 1150;
				LastUpgradeCheck = 1150;
				ORGANIZATIONNAME = "OYEGOKE TOMISIN";
				TargetAttributes = {
					4F01B0B424F7115C005B6CD7 = {
						CreatedOnToolsVersion = 11.5;
					};
					4F01B0CA24F7115F005B6CD7 = {
						CreatedOnToolsVersion = 11.5;
						TestTargetID = 4F01B0B424F7115C005B6CD7;
					};
				};
			};
			buildConfigurationList = 4F01B0B024F7115C005B6CD7 /* Build configuration list for PBXProject "SpendR" */;
			compatibilityVersion = "Xcode 9.3";
			developmentRegion = en;
			hasScannedForEncodings = 0;
			knownRegions = (
				en,
				Base,
			);
			mainGroup = 4F01B0AC24F7115C005B6CD7;
			productRefGroup = 4F01B0B624F7115C005B6CD7 /* Products */;
			projectDirPath = "";
			projectRoot = "";
			targets = (
				4F01B0B424F7115C005B6CD7 /* SpendR */,
				4F01B0CA24F7115F005B6CD7 /* SpendRTests */,
			);
		};
/* End PBXProject section */

/* Begin PBXResourcesBuildPhase section */
		4F01B0B324F7115C005B6CD7 /* Resources */ = {
			isa = PBXResourcesBuildPhase;
			buildActionMask = 2147483647;
			files = (
				4F01B0C524F7115E005B6CD7 /* LaunchScreen.storyboard in Resources */,
				4F01B0C224F7115E005B6CD7 /* Assets.xcassets in Resources */,
				4F01B0C024F7115C005B6CD7 /* Main.storyboard in Resources */,
			);
			runOnlyForDeploymentPostprocessing = 0;
		};
		4F01B0C924F7115F005B6CD7 /* Resources */ = {
			isa = PBXResourcesBuildPhase;
			buildActionMask = 2147483647;
			files = (
			);
			runOnlyForDeploymentPostprocessing = 0;
		};
/* End PBXResourcesBuildPhase section */

/* Begin PBXSourcesBuildPhase section */
		4F01B0B124F7115C005B6CD7 /* Sources */ = {
			isa = PBXSourcesBuildPhase;
			buildActionMask = 2147483647;
			files = (
				4F01B0BD24F7115C005B6CD7 /* ViewController.swift in Sources */,
				4F01B0B924F7115C005B6CD7 /* AppDelegate.swift in Sources */,
				4F01B0BB24F7115C005B6CD7 /* SceneDelegate.swift in Sources */,
			);
			runOnlyForDeploymentPostprocessing = 0;
		};
		4F01B0C724F7115F005B6CD7 /* Sources */ = {
			isa = PBXSourcesBuildPhase;
			buildActionMask = 2147483647;
			files = (
				4F01B0D024F7115F005B6CD7 /* SpendRTests.swift in Sources */,
			);
			runOnlyForDeploymentPostprocessing = 0;
		};
/* End PBXSourcesBuildPhase section */

/* Begin PBXTargetDependency section */
		4F01B0CD24F7115F005B6CD7 /* PBXTargetDependency */ = {
			isa = PBXTargetDependency;
			target = 4F01B0B424F7115C005B6CD7 /* SpendR */;
			targetProxy = 4F01B0CC24F7115F005B6CD7 /* PBXContainerItemProxy */;
		};
/* End PBXTargetDependency section */

/* Begin PBXVariantGroup section */
		4F01B0BE24F7115C005B6CD7 /* Main.storyboard */ = {
			isa = PBXVariantGroup;
			children = (
				4F01B0BF24F7115C005B6CD7 /* Base */,
			);
			name = Main.storyboard;
			sourceTree = "<group>";
		};
		4F01B0C324F7115E005B6CD7 /* LaunchScreen.storyboard */ = {
			isa = PBXVariantGroup;
			children = (
				4F01B0C424F7115E005B6CD7 /* Base */,
			);
			name = LaunchScreen.storyboard;
			sourceTree = "<group>";
		};
/* End PBXVariantGroup section */

/* Begin XCBuildConfiguration section */
		4F01B0D224F7115F005B6CD7 /* Debug */ = {
			isa = XCBuildConfiguration;
			buildSettings = {
				ALWAYS_SEARCH_USER_PATHS = NO;
				CLANG_ANALYZER_NONNULL = YES;
				CLANG_ANALYZER_NUMBER_OBJECT_CONVERSION = YES_AGGRESSIVE;
				CLANG_CXX_LANGUAGE_STANDARD = "gnu++14";
				CLANG_CXX_LIBRARY = "libc++";
				CLANG_ENABLE_MODULES = YES;
				CLANG_ENABLE_OBJC_ARC = YES;
				CLANG_ENABLE_OBJC_WEAK = YES;
				CLANG_WARN_BLOCK_CAPTURE_AUTORELEASING = YES;
				CLANG_WARN_BOOL_CONVERSION = YES;
				CLANG_WARN_COMMA = YES;
				CLANG_WARN_CONSTANT_CONVERSION = YES;
				CLANG_WARN_DEPRECATED_OBJC_IMPLEMENTATIONS = YES;
				CLANG_WARN_DIRECT_OBJC_ISA_USAGE = YES_ERROR;
				CLANG_WARN_DOCUMENTATION_COMMENTS = YES;
				CLANG_WARN_EMPTY_BODY = YES;
				CLANG_WARN_ENUM_CONVERSION = YES;
				CLANG_WARN_INFINITE_RECURSION = YES;
				CLANG_WARN_INT_CONVERSION = YES;
				CLANG_WARN_NON_LITERAL_NULL_CONVERSION = YES;
				CLANG_WARN_OBJC_IMPLICIT_RETAIN_SELF = YES;
				CLANG_WARN_OBJC_LITERAL_CONVERSION = YES;
				CLANG_WARN_OBJC_ROOT_CLASS = YES_ERROR;
				CLANG_WARN_RANGE_LOOP_ANALYSIS = YES;
				CLANG_WARN_STRICT_PROTOTYPES = YES;
				CLANG_WARN_SUSPICIOUS_MOVE = YES;
				CLANG_WARN_UNGUARDED_AVAILABILITY = YES_AGGRESSIVE;
				CLANG_WARN_UNREACHABLE_CODE = YES;
				CLANG_WARN__DUPLICATE_METHOD_MATCH = YES;
				COPY_PHASE_STRIP = NO;
				DEBUG_INFORMATION_FORMAT = dwarf;
				ENABLE_STRICT_OBJC_MSGSEND = YES;
				ENABLE_TESTABILITY = YES;
				GCC_C_LANGUAGE_STANDARD = gnu11;
				GCC_DYNAMIC_NO_PIC = NO;
				GCC_NO_COMMON_BLOCKS = YES;
				GCC_OPTIMIZATION_LEVEL = 0;
				GCC_PREPROCESSOR_DEFINITIONS = (
					"DEBUG=1",
					"$(inherited)",
				);
				GCC_WARN_64_TO_32_BIT_CONVERSION = YES;
				GCC_WARN_ABOUT_RETURN_TYPE = YES_ERROR;
				GCC_WARN_UNDECLARED_SELECTOR = YES;
				GCC_WARN_UNINITIALIZED_AUTOS = YES_AGGRESSIVE;
				GCC_WARN_UNUSED_FUNCTION = YES;
				GCC_WARN_UNUSED_VARIABLE = YES;
				IPHONEOS_DEPLOYMENT_TARGET = 13.5;
				MTL_ENABLE_DEBUG_INFO = INCLUDE_SOURCE;
				MTL_FAST_MATH = YES;
				ONLY_ACTIVE_ARCH = YES;
				SDKROOT = iphoneos;
				SWIFT_ACTIVE_COMPILATION_CONDITIONS = DEBUG;
				SWIFT_OPTIMIZATION_LEVEL = "-Onone";
			};
			name = Debug;
		};
		4F01B0D324F7115F005B6CD7 /* Release */ = {
			isa = XCBuildConfiguration;
			buildSettings = {
				ALWAYS_SEARCH_USER_PATHS = NO;
				CLANG_ANALYZER_NONNULL = YES;
				CLANG_ANALYZER_NUMBER_OBJECT_CONVERSION = YES_AGGRESSIVE;
				CLANG_CXX_LANGUAGE_STANDARD = "gnu++14";
				CLANG_CXX_LIBRARY = "libc++";
				CLANG_ENABLE_MODULES = YES;
				CLANG_ENABLE_OBJC_ARC = YES;
				CLANG_ENABLE_OBJC_WEAK = YES;
				CLANG_WARN_BLOCK_CAPTURE_AUTORELEASING = YES;
				CLANG_WARN_BOOL_CONVERSION = YES;
				CLANG_WARN_COMMA = YES;
				CLANG_WARN_CONSTANT_CONVERSION = YES;
				CLANG_WARN_DEPRECATED_OBJC_IMPLEMENTATIONS = YES;
				CLANG_WARN_DIRECT_OBJC_ISA_USAGE = YES_ERROR;
				CLANG_WARN_DOCUMENTATION_COMMENTS = YES;
				CLANG_WARN_EMPTY_BODY = YES;
				CLANG_WARN_ENUM_CONVERSION = YES;
				CLANG_WARN_INFINITE_RECURSION = YES;
				CLANG_WARN_INT_CONVERSION = YES;
				CLANG_WARN_NON_LITERAL_NULL_CONVERSION = YES;
				CLANG_WARN_OBJC_IMPLICIT_RETAIN_SELF = YES;
				CLANG_WARN_OBJC_LITERAL_CONVERSION = YES;
				CLANG_WARN_OBJC_ROOT_CLASS = YES_ERROR;
				CLANG_WARN_RANGE_LOOP_ANALYSIS = YES;
				CLANG_WARN_STRICT_PROTOTYPES = YES;
				CLANG_WARN_SUSPICIOUS_MOVE = YES;
				CLANG_WARN_UNGUARDED_AVAILABILITY = YES_AGGRESSIVE;
				CLANG_WARN_UNREACHABLE_CODE = YES;
				CLANG_WARN__DUPLICATE_METHOD_MATCH = YES;
				COPY_PHASE_STRIP = NO;
				DEBUG_INFORMATION_FORMAT = "dwarf-with-dsym";
				ENABLE_NS_ASSERTIONS = NO;
				ENABLE_STRICT_OBJC_MSGSEND = YES;
				GCC_C_LANGUAGE_STANDARD = gnu11;
				GCC_NO_COMMON_BLOCKS = YES;
				GCC_WARN_64_TO_32_BIT_CONVERSION = YES;
				GCC_WARN_ABOUT_RETURN_TYPE = YES_ERROR;
				GCC_WARN_UNDECLARED_SELECTOR = YES;
				GCC_WARN_UNINITIALIZED_AUTOS = YES_AGGRESSIVE;
				GCC_WARN_UNUSED_FUNCTION = YES;
				GCC_WARN_UNUSED_VARIABLE = YES;
				IPHONEOS_DEPLOYMENT_TARGET = 13.5;
				MTL_ENABLE_DEBUG_INFO = NO;
				MTL_FAST_MATH = YES;
				SDKROOT = iphoneos;
				SWIFT_COMPILATION_MODE = wholemodule;
				SWIFT_OPTIMIZATION_LEVEL = "-O";
				VALIDATE_PRODUCT = YES;
			};
			name = Release;
		};
		4F01B0D524F7115F005B6CD7 /* Debug */ = {
			isa = XCBuildConfiguration;
			buildSettings = {
				ASSETCATALOG_COMPILER_APPICON_NAME = AppIcon;
				CODE_SIGN_STYLE = Automatic;
				INFOPLIST_FILE = SpendR/Info.plist;
				LD_RUNPATH_SEARCH_PATHS = (
					"$(inherited)",
					"@executable_path/Frameworks",
				);
				PRODUCT_BUNDLE_IDENTIFIER = com.tomisin.SpendR;
				PRODUCT_NAME = "$(TARGET_NAME)";
				SWIFT_VERSION = 5.0;
				TARGETED_DEVICE_FAMILY = "1,2";
			};
			name = Debug;
		};
		4F01B0D624F7115F005B6CD7 /* Release */ = {
			isa = XCBuildConfiguration;
			buildSettings = {
				ASSETCATALOG_COMPILER_APPICON_NAME = AppIcon;
				CODE_SIGN_STYLE = Automatic;
				INFOPLIST_FILE = SpendR/Info.plist;
				LD_RUNPATH_SEARCH_PATHS = (
					"$(inherited)",
					"@executable_path/Frameworks",
				);
				PRODUCT_BUNDLE_IDENTIFIER = com.tomisin.SpendR;
				PRODUCT_NAME = "$(TARGET_NAME)";
				SWIFT_VERSION = 5.0;
				TARGETED_DEVICE_FAMILY = "1,2";
			};
			name = Release;
		};
		4F01B0D824F7115F005B6CD7 /* Debug */ = {
			isa = XCBuildConfiguration;
			buildSettings = {
				ALWAYS_EMBED_SWIFT_STANDARD_LIBRARIES = YES;
				BUNDLE_LOADER = "$(TEST_HOST)";
				CODE_SIGN_STYLE = Automatic;
				INFOPLIST_FILE = SpendRTests/Info.plist;
				IPHONEOS_DEPLOYMENT_TARGET = 13.5;
				LD_RUNPATH_SEARCH_PATHS = (
					"$(inherited)",
					"@executable_path/Frameworks",
					"@loader_path/Frameworks",
				);
				PRODUCT_BUNDLE_IDENTIFIER = com.tomisin.SpendRTests;
				PRODUCT_NAME = "$(TARGET_NAME)";
				SWIFT_VERSION = 5.0;
				TARGETED_DEVICE_FAMILY = "1,2";
				TEST_HOST = "$(BUILT_PRODUCTS_DIR)/SpendR.app/SpendR";
			};
			name = Debug;
		};
		4F01B0D924F7115F005B6CD7 /* Release */ = {
			isa = XCBuildConfiguration;
			buildSettings = {
				ALWAYS_EMBED_SWIFT_STANDARD_LIBRARIES = YES;
				BUNDLE_LOADER = "$(TEST_HOST)";
				CODE_SIGN_STYLE = Automatic;
				INFOPLIST_FILE = SpendRTests/Info.plist;
				IPHONEOS_DEPLOYMENT_TARGET = 13.5;
				LD_RUNPATH_SEARCH_PATHS = (
					"$(inherited)",
					"@executable_path/Frameworks",
					"@loader_path/Frameworks",
				);
				PRODUCT_BUNDLE_IDENTIFIER = com.tomisin.SpendRTests;
				PRODUCT_NAME = "$(TARGET_NAME)";
				SWIFT_VERSION = 5.0;
				TARGETED_DEVICE_FAMILY = "1,2";
				TEST_HOST = "$(BUILT_PRODUCTS_DIR)/SpendR.app/SpendR";
			};
			name = Release;
		};
/* End XCBuildConfiguration section */

/* Begin XCConfigurationList section */
		4F01B0B024F7115C005B6CD7 /* Build configuration list for PBXProject "SpendR" */ = {
			isa = XCConfigurationList;
			buildConfigurations = (
				4F01B0D224F7115F005B6CD7 /* Debug */,
				4F01B0D324F7115F005B6CD7 /* Release */,
			);
			defaultConfigurationIsVisible = 0;
			defaultConfigurationName = Release;
		};
		4F01B0D424F7115F005B6CD7 /* Build configuration list for PBXNativeTarget "SpendR" */ = {
			isa = XCConfigurationList;
			buildConfigurations = (
				4F01B0D524F7115F005B6CD7 /* Debug */,
				4F01B0D624F7115F005B6CD7 /* Release */,
			);
			defaultConfigurationIsVisible = 0;
			defaultConfigurationName = Release;
		};
		4F01B0D724F7115F005B6CD7 /* Build configuration list for PBXNativeTarget "SpendRTests" */ = {
			isa = XCConfigurationList;
			buildConfigurations = (
				4F01B0D824F7115F005B6CD7 /* Debug */,
				4F01B0D924F7115F005B6CD7 /* Release */,
			);
			defaultConfigurationIsVisible = 0;
			defaultConfigurationName = Release;
		};
/* End XCConfigurationList section */
	};
	rootObject = 4F01B0AD24F7115C005B6CD7 /* Project object */;
}
